
Microsoft Visual Studio Solution File, Format Version 12.00
# Visual Studio Version 17
VisualStudioVersion = 17.5.33424.131
MinimumVisualStudioVersion = 10.0.40219.1
Project("{9A19103F-16F7-4668-BE54-9A1E7A4F7556}") = "UnifiedStockExchange", "UnifiedStockExchange\UnifiedStockExchange.csproj", "{76CBBF71-2EC2-46BD-A3F6-1469193243B2}"
EndProject
Project("{9A19103F-16F7-4668-BE54-9A1E7A4F7556}") = "ServiceStack.OrmLite", "ServiceStack.OrmLite\src\ServiceStack.OrmLite\ServiceStack.OrmLite.csproj", "{C153108B-B73E-45FE-B546-8D086CFCC25A}"
EndProject
Project("{9A19103F-16F7-4668-BE54-9A1E7A4F7556}") = "ServiceStack.OrmLite.Sqlite", "ServiceStack.OrmLite\src\ServiceStack.OrmLite.Sqlite\ServiceStack.OrmLite.Sqlite.csproj", "{D1EC1489-D978-4582-810C-A1CC9CE7BECD}"
EndProject
Project("{9A19103F-16F7-4668-BE54-9A1E7A4F7556}") = "UnifiedStockExchange.Client.CSharp", "UnifiedStockExchange.Client.CSharp\UnifiedStockExchange.Client.CSharp.csproj", "{4212D988-2DE1-497F-BC5C-2A917C00DC09}"
EndProject
Project("{9A19103F-16F7-4668-BE54-9A1E7A4F7556}") = "UnifiedStockExchange.Client.CSharp.Tests", "UnifiedStockExchange.Client.CSharp.Tests\UnifiedStockExchange.Client.CSharp.Tests.csproj", "{9B1F6D7E-51F6-4B79-9AC3-090EEB8C86C9}"
EndProject
Project("{9A19103F-16F7-4668-BE54-9A1E7A4F7556}") = "UnifiedStockExchange.Sdk.CSharp", "UnifiedStockExchange.Sdk.CSharp\src\UnifiedStockExchange.Sdk.CSharp\UnifiedStockExchange.Sdk.CSharp.csproj", "{A8DA2C49-AED8-46AB-BED7-87F6385BED50}"
EndProject
Project("{9A19103F-16F7-4668-BE54-9A1E7A4F7556}") = "UnifiedStockExchange.CoinMarketCap", "UnifiedStockExchange.CoinMarketCap\UnifiedStockExchange.CoinMarketCap.csproj", "{13F210DA-2CD6-4D0E-A157-A034E930B8DB}"
EndProject
Global
	GlobalSection(SolutionConfigurationPlatforms) = preSolution
		Debug|Any CPU = Debug|Any CPU
		Release|Any CPU = Release|Any CPU
	EndGlobalSection
	GlobalSection(ProjectConfigurationPlatforms) = postSolution
		{76CBBF71-2EC2-46BD-A3F6-1469193243B2}.Debug|Any CPU.ActiveCfg = Debug|Any CPU
		{76CBBF71-2EC2-46BD-A3F6-1469193243B2}.Debug|Any CPU.Build.0 = Debug|Any CPU
		{76CBBF71-2EC2-46BD-A3F6-1469193243B2}.Release|Any CPU.ActiveCfg = Release|Any CPU
		{76CBBF71-2EC2-46BD-A3F6-1469193243B2}.Release|Any CPU.Build.0 = Release|Any CPU
		{D1EC1489-D978-4582-810C-A1CC9CE7BECD}.Debug|Any CPU.ActiveCfg = Debug|Any CPU
		{D1EC1489-D978-4582-810C-A1CC9CE7BECD}.Debug|Any CPU.Build.0 = Debug|Any CPU
		{D1EC1489-D978-4582-810C-A1CC9CE7BECD}.Release|Any CPU.ActiveCfg = Release|Any CPU
		{D1EC1489-D978-4582-810C-A1CC9CE7BECD}.Release|Any CPU.Build.0 = Release|Any CPU
		{4212D988-2DE1-497F-BC5C-2A917C00DC09}.Debug|Any CPU.ActiveCfg = Debug|Any CPU
		{4212D988-2DE1-497F-BC5C-2A917C00DC09}.Debug|Any CPU.Build.0 = Debug|Any CPU
		{4212D988-2DE1-497F-BC5C-2A917C00DC09}.Release|Any CPU.ActiveCfg = Release|Any CPU
		{4212D988-2DE1-497F-BC5C-2A917C00DC09}.Release|Any CPU.Build.0 = Release|Any CPU
		{9B1F6D7E-51F6-4B79-9AC3-090EEB8C86C9}.Debug|Any CPU.ActiveCfg = Debug|Any CPU
		{9B1F6D7E-51F6-4B79-9AC3-090EEB8C86C9}.Debug|Any CPU.Build.0 = Debug|Any CPU
		{9B1F6D7E-51F6-4B79-9AC3-090EEB8C86C9}.Release|Any CPU.ActiveCfg = Release|Any CPU
		{9B1F6D7E-51F6-4B79-9AC3-090EEB8C86C9}.Release|Any CPU.Build.0 = Release|Any CPU
		{A8DA2C49-AED8-46AB-BED7-87F6385BED50}.Debug|Any CPU.ActiveCfg = Debug|Any CPU
		{A8DA2C49-AED8-46AB-BED7-87F6385BED50}.Debug|Any CPU.Build.0 = Debug|Any CPU
		{A8DA2C49-AED8-46AB-BED7-87F6385BED50}.Release|Any CPU.ActiveCfg = Release|Any CPU
		{A8DA2C49-AED8-46AB-BED7-87F6385BED50}.Release|Any CPU.Build.0 = Release|Any CPU
		{13F210DA-2CD6-4D0E-A157-A034E930B8DB}.Debug|Any CPU.ActiveCfg = Debug|Any CPU
		{13F210DA-2CD6-4D0E-A157-A034E930B8DB}.Debug|Any CPU.Build.0 = Debug|Any CPU
		{13F210DA-2CD6-4D0E-A157-A034E930B8DB}.Release|Any CPU.ActiveCfg = Release|Any CPU
		{13F210DA-2CD6-4D0E-A157-A034E930B8DB}.Release|Any CPU.Build.0 = Release|Any CPU
		{C153108B-B73E-45FE-B546-8D086CFCC25A}.Debug|Any CPU.ActiveCfg = Debug|Any CPU
		{C153108B-B73E-45FE-B546-8D086CFCC25A}.Debug|Any CPU.Build.0 = Debug|Any CPU
		{C153108B-B73E-45FE-B546-8D086CFCC25A}.Release|Any CPU.ActiveCfg = Release|Any CPU
		{C153108B-B73E-45FE-B546-8D086CFCC25A}.Release|Any CPU.Build.0 = Release|Any CPU
	EndGlobalSection
	GlobalSection(SolutionProperties) = preSolution
		HideSolutionNode = FALSE
	EndGlobalSection
	GlobalSection(ExtensibilityGlobals) = postSolution
		SolutionGuid = {FDDDBE89-ED3C-4EFE-A95A-AE3D9DA57E29}
	EndGlobalSection
EndGlobal
